
Microsoft Visual Studio Solution File, Format Version 12.00
# Visual Studio Version 17
VisualStudioVersion = 17.0.31903.59
MinimumVisualStudioVersion = 10.0.40219.1
Project("{2150E333-8FDC-42A3-9474-1A3956D46DE8}") = "src", "src", "{827E0CD3-B72D-47B6-A68D-7590B98EB39B}"
EndProject
Project("{2150E333-8FDC-42A3-9474-1A3956D46DE8}") = "Cms.ImageService.Api", "Cms.ImageService.Api", "{C8EBE375-4E88-4D6A-EE81-8040FB938784}"
EndProject
Project("{2150E333-8FDC-42A3-9474-1A3956D46DE8}") = "src", "src", "{61828DE2-F9A7-CFED-AFF6-33363637910D}"
EndProject
Project("{FAE04EC0-301F-11D3-BF4B-00C04F79EFBC}") = "Cms.ImageService.Api", "src\Cms.ImageService.Api\src\Cms.ImageService.Api.csproj", "{5126F8F8-80B5-46A4-BC5F-2C6082DAB3F0}"
EndProject
Project("{2150E333-8FDC-42A3-9474-1A3956D46DE8}") = "Cms.ImageService.Application", "Cms.ImageService.Application", "{8E43F978-0E1F-DAC9-CAD1-9A3114384D31}"
EndProject
Project("{2150E333-8FDC-42A3-9474-1A3956D46DE8}") = "src", "src", "{EACD38BA-E261-A35A-0850-BE9A02B8FEE4}"
EndProject
Project("{FAE04EC0-301F-11D3-BF4B-00C04F79EFBC}") = "Cms.ImageService.Application", "src\Cms.ImageService.Application\src\Cms.ImageService.Application.csproj", "{36BB3F12-6FF9-46A9-99B3-8BA85D06D117}"
EndProject
Project("{2150E333-8FDC-42A3-9474-1A3956D46DE8}") = "Cms.ImageService.Domain", "Cms.ImageService.Domain", "{1E4F937C-6C49-D9FC-E357-E1EA71413DC8}"
EndProject
Project("{2150E333-8FDC-42A3-9474-1A3956D46DE8}") = "src", "src", "{E9E9F52E-09CC-1AE1-FC83-01FAEDBA6DF1}"
EndProject
Project("{FAE04EC0-301F-11D3-BF4B-00C04F79EFBC}") = "Cms.ImageService.Domain", "src\Cms.ImageService.Domain\src\Cms.ImageService.Domain.csproj", "{6A930415-ED38-4DA2-BCB8-4C9A1CEE88FF}"
EndProject
Project("{2150E333-8FDC-42A3-9474-1A3956D46DE8}") = "Cms.ImageService.Infratructure", "Cms.ImageService.Infratructure", "{B5754712-EEC9-BE71-F14B-4212F39DE3D8}"
EndProject
Project("{2150E333-8FDC-42A3-9474-1A3956D46DE8}") = "src", "src", "{DD528777-54AD-FFD7-80B8-D48E20313008}"
EndProject
Project("{FAE04EC0-301F-11D3-BF4B-00C04F79EFBC}") = "Cms.ImageService.Infrastructure", "src\Cms.ImageService.Infratructure\src\Cms.ImageService.Infrastructure.csproj", "{0EF16B4B-4A1D-48F9-8304-91A575DA354D}"
EndProject
Global
	GlobalSection(SolutionConfigurationPlatforms) = preSolution
		Debug|Any CPU = Debug|Any CPU
		Debug|x64 = Debug|x64
		Debug|x86 = Debug|x86
		Release|Any CPU = Release|Any CPU
		Release|x64 = Release|x64
		Release|x86 = Release|x86
	EndGlobalSection
	GlobalSection(ProjectConfigurationPlatforms) = postSolution
		{5126F8F8-80B5-46A4-BC5F-2C6082DAB3F0}.Debug|Any CPU.ActiveCfg = Debug|Any CPU
		{5126F8F8-80B5-46A4-BC5F-2C6082DAB3F0}.Debug|Any CPU.Build.0 = Debug|Any CPU
		{5126F8F8-80B5-46A4-BC5F-2C6082DAB3F0}.Debug|x64.ActiveCfg = Debug|Any CPU
		{5126F8F8-80B5-46A4-BC5F-2C6082DAB3F0}.Debug|x64.Build.0 = Debug|Any CPU
		{5126F8F8-80B5-46A4-BC5F-2C6082DAB3F0}.Debug|x86.ActiveCfg = Debug|Any CPU
		{5126F8F8-80B5-46A4-BC5F-2C6082DAB3F0}.Debug|x86.Build.0 = Debug|Any CPU
		{5126F8F8-80B5-46A4-BC5F-2C6082DAB3F0}.Release|Any CPU.ActiveCfg = Release|Any CPU
		{5126F8F8-80B5-46A4-BC5F-2C6082DAB3F0}.Release|Any CPU.Build.0 = Release|Any CPU
		{5126F8F8-80B5-46A4-BC5F-2C6082DAB3F0}.Release|x64.ActiveCfg = Release|Any CPU
		{5126F8F8-80B5-46A4-BC5F-2C6082DAB3F0}.Release|x64.Build.0 = Release|Any CPU
		{5126F8F8-80B5-46A4-BC5F-2C6082DAB3F0}.Release|x86.ActiveCfg = Release|Any CPU
		{5126F8F8-80B5-46A4-BC5F-2C6082DAB3F0}.Release|x86.Build.0 = Release|Any CPU
		{36BB3F12-6FF9-46A9-99B3-8BA85D06D117}.Debug|Any CPU.ActiveCfg = Debug|Any CPU
		{36BB3F12-6FF9-46A9-99B3-8BA85D06D117}.Debug|Any CPU.Build.0 = Debug|Any CPU
		{36BB3F12-6FF9-46A9-99B3-8BA85D06D117}.Debug|x64.ActiveCfg = Debug|Any CPU
		{36BB3F12-6FF9-46A9-99B3-8BA85D06D117}.Debug|x64.Build.0 = Debug|Any CPU
		{36BB3F12-6FF9-46A9-99B3-8BA85D06D117}.Debug|x86.ActiveCfg = Debug|Any CPU
		{36BB3F12-6FF9-46A9-99B3-8BA85D06D117}.Debug|x86.Build.0 = Debug|Any CPU
		{36BB3F12-6FF9-46A9-99B3-8BA85D06D117}.Release|Any CPU.ActiveCfg = Release|Any CPU
		{36BB3F12-6FF9-46A9-99B3-8BA85D06D117}.Release|Any CPU.Build.0 = Release|Any CPU
		{36BB3F12-6FF9-46A9-99B3-8BA85D06D117}.Release|x64.ActiveCfg = Release|Any CPU
		{36BB3F12-6FF9-46A9-99B3-8BA85D06D117}.Release|x64.Build.0 = Release|Any CPU
		{36BB3F12-6FF9-46A9-99B3-8BA85D06D117}.Release|x86.ActiveCfg = Release|Any CPU
		{36BB3F12-6FF9-46A9-99B3-8BA85D06D117}.Release|x86.Build.0 = Release|Any CPU
		{6A930415-ED38-4DA2-BCB8-4C9A1CEE88FF}.Debug|Any CPU.ActiveCfg = Debug|Any CPU
		{6A930415-ED38-4DA2-BCB8-4C9A1CEE88FF}.Debug|Any CPU.Build.0 = Debug|Any CPU
		{6A930415-ED38-4DA2-BCB8-4C9A1CEE88FF}.Debug|x64.ActiveCfg = Debug|Any CPU
		{6A930415-ED38-4DA2-BCB8-4C9A1CEE88FF}.Debug|x64.Build.0 = Debug|Any CPU
		{6A930415-ED38-4DA2-BCB8-4C9A1CEE88FF}.Debug|x86.ActiveCfg = Debug|Any CPU
		{6A930415-ED38-4DA2-BCB8-4C9A1CEE88FF}.Debug|x86.Build.0 = Debug|Any CPU
		{6A930415-ED38-4DA2-BCB8-4C9A1CEE88FF}.Release|Any CPU.ActiveCfg = Release|Any CPU
		{6A930415-ED38-4DA2-BCB8-4C9A1CEE88FF}.Release|Any CPU.Build.0 = Release|Any CPU
		{6A930415-ED38-4DA2-BCB8-4C9A1CEE88FF}.Release|x64.ActiveCfg = Release|Any CPU
		{6A930415-ED38-4DA2-BCB8-4C9A1CEE88FF}.Release|x64.Build.0 = Release|Any CPU
		{6A930415-ED38-4DA2-BCB8-4C9A1CEE88FF}.Release|x86.ActiveCfg = Release|Any CPU
		{6A930415-ED38-4DA2-BCB8-4C9A1CEE88FF}.Release|x86.Build.0 = Release|Any CPU
		{0EF16B4B-4A1D-48F9-8304-91A575DA354D}.Debug|Any CPU.ActiveCfg = Debug|Any CPU
		{0EF16B4B-4A1D-48F9-8304-91A575DA354D}.Debug|Any CPU.Build.0 = Debug|Any CPU
		{0EF16B4B-4A1D-48F9-8304-91A575DA354D}.Debug|x64.ActiveCfg = Debug|Any CPU
		{0EF16B4B-4A1D-48F9-8304-91A575DA354D}.Debug|x64.Build.0 = Debug|Any CPU
		{0EF16B4B-4A1D-48F9-8304-91A575DA354D}.Debug|x86.ActiveCfg = Debug|Any CPU
		{0EF16B4B-4A1D-48F9-8304-91A575DA354D}.Debug|x86.Build.0 = Debug|Any CPU
		{0EF16B4B-4A1D-48F9-8304-91A575DA354D}.Release|Any CPU.ActiveCfg = Release|Any CPU
		{0EF16B4B-4A1D-48F9-8304-91A575DA354D}.Release|Any CPU.Build.0 = Release|Any CPU
		{0EF16B4B-4A1D-48F9-8304-91A575DA354D}.Release|x64.ActiveCfg = Release|Any CPU
		{0EF16B4B-4A1D-48F9-8304-91A575DA354D}.Release|x64.Build.0 = Release|Any CPU
		{0EF16B4B-4A1D-48F9-8304-91A575DA354D}.Release|x86.ActiveCfg = Release|Any CPU
		{0EF16B4B-4A1D-48F9-8304-91A575DA354D}.Release|x86.Build.0 = Release|Any CPU
	EndGlobalSection
	GlobalSection(SolutionProperties) = preSolution
		HideSolutionNode = FALSE
	EndGlobalSection
	GlobalSection(NestedProjects) = preSolution
		{C8EBE375-4E88-4D6A-EE81-8040FB938784} = {827E0CD3-B72D-47B6-A68D-7590B98EB39B}
		{61828DE2-F9A7-CFED-AFF6-33363637910D} = {C8EBE375-4E88-4D6A-EE81-8040FB938784}
		{5126F8F8-80B5-46A4-BC5F-2C6082DAB3F0} = {61828DE2-F9A7-CFED-AFF6-33363637910D}
		{8E43F978-0E1F-DAC9-CAD1-9A3114384D31} = {827E0CD3-B72D-47B6-A68D-7590B98EB39B}
		{EACD38BA-E261-A35A-0850-BE9A02B8FEE4} = {8E43F978-0E1F-DAC9-CAD1-9A3114384D31}
		{36BB3F12-6FF9-46A9-99B3-8BA85D06D117} = {EACD38BA-E261-A35A-0850-BE9A02B8FEE4}
		{1E4F937C-6C49-D9FC-E357-E1EA71413DC8} = {827E0CD3-B72D-47B6-A68D-7590B98EB39B}
		{E9E9F52E-09CC-1AE1-FC83-01FAEDBA6DF1} = {1E4F937C-6C49-D9FC-E357-E1EA71413DC8}
		{6A930415-ED38-4DA2-BCB8-4C9A1CEE88FF} = {E9E9F52E-09CC-1AE1-FC83-01FAEDBA6DF1}
		{B5754712-EEC9-BE71-F14B-4212F39DE3D8} = {827E0CD3-B72D-47B6-A68D-7590B98EB39B}
		{DD528777-54AD-FFD7-80B8-D48E20313008} = {B5754712-EEC9-BE71-F14B-4212F39DE3D8}
		{0EF16B4B-4A1D-48F9-8304-91A575DA354D} = {DD528777-54AD-FFD7-80B8-D48E20313008}
	EndGlobalSection
EndGlobal
